github.com/cenk/hub v1.0.1 h1:RBwXNOF4a8KjD8BJ08XqN8KbrqaGiQLDrgvUGJSHuPA=
github.com/cenk/hub v1.0.1/go.mod h1:rJM1LNAW0ppT8FMMuPK6c2NP/R2nH/UthtuRySSaf6Y=
github.com/cenkalti/hub v1.0.1 h1:UMtjc6dHSaOQTO15SVA50MBIR9zQwvsukQupDrkIRtg=
github.com/cenkalti/hub v1.0.1/go.mod h1:tcYwtS3a2d9NO/0xDXVJWx3IedurUjYCqFCmpi0lpHs=
github.com/henly2/rpc2 v0.0.0-20190819082716-53f25a4483ef/go.mod h1:4vPAlp0CYhSQsKUpqvfFXWDYjDNVirmeCew3rYjAK9k=
github.com/zl03jsj/log4go v0.0.0-20180109082532-d146e6b86faa h1:c09LqI2i09s8rh9BDxiCczYzn5ZyRRJVZDfvLdaEvic=
github.com/zl03jsj/log4go v0.0.0-20180109082532-d146e6b86faa/go.mod h1:QcCSQEB2MLdQ6Z/u5naFvDJ0vkbTe70DWOtPIt3L/Fg=
github.com/zl03jsj/log4go v0.0.0-20190423085717-93fb33d2ae74 h1:Aqi+ZnLboQnV87EmmG5aFt2jn8P9JgxYgi0OCP+nZPw=
github.com/zl03jsj/log4go v0.0.0-20190423085717-93fb33d2ae74/go.mod h1:QcCSQEB2MLdQ6Z/u5naFvDJ0vkbTe70DWOtPIt3L/Fg=
github.com/zl03jsj/rpc2 v0.0.0-20200327105930-9ffc193b9c27 h1:Zg1b/UEBLpaGZLyI3Yc8sj5BUuw0YgcoDCYbmHapOl4=
github.com/zl03jsj/rpc2 v0.0.0-20200327105930-9ffc193b9c27/go.mod h1:i+AhQCxZnZXZr+zmdzk4+Cy//W48WOVUctRRrhVGD8M=
gitlab.forceup.in/Payment/backend v0.0.0-20200327105558-1515eca563b0 h1:FfY85+cR0frVPrWwtAc/wvC6YoO4LkzJ8P4qp16nkg8=
gitlab.forceup.in/Payment/backend v0.0.0-20200327105558-1515eca563b0/go.mod h1:XtYOgJPDNq0xuHRZjHFbjlmxvHsH/iuyNfs7U/s6OFM=
gitlab.forceup.in/Payment/backend v0.0.0-20200327113928-a546c938a6ca h1:o9XxC+zvKyA0oeSsvfUGrJztaNi23MocKRrZZnwcOL8=
gitlab.forceup.in/Payment/backend v0.0.0-20200327113928-a546c938a6ca/go.mod h1:7tlpoxZ+UUmNIhb+A+frXpL+NjnOjogYy/4ipy+NAcc=
gitlab.forceup.in/zengliang/rpc2-center v0.0.0-20200327105748-b3d2d88dbe54/go.mod h1:uavAVoUf+fyALbZ5nF8+pEsNJC4IMOCvbzenPThxBjk=
